
Microsoft Visual Studio Solution File, Format Version 12.00
# Visual Studio Version 17
VisualStudioVersion = 17.0.31903.59
MinimumVisualStudioVersion = 10.0.40219.1
Project("{2150E333-8FDC-42A3-9474-1A3956D46DE8}") = "src", "src", "{9E6C5A2D-42EE-4A74-A543-4247624A00EF}"
EndProject
Project("{FAE04EC0-301F-11D3-BF4B-00C04F79EFBC}") = "MyVpn.Application", "src\MyVpn.Application\MyVpn.Application.csproj", "{6424EA97-B42F-40DA-85F2-D903EB524EB5}"
EndProject
Project("{FAE04EC0-301F-11D3-BF4B-00C04F79EFBC}") = "MyVpn.Cli", "src\MyVpn.Cli\MyVpn.Cli.csproj", "{53FAF109-A73F-464D-9F38-13D331D91A94}"
EndProject
Project("{FAE04EC0-301F-11D3-BF4B-00C04F79EFBC}") = "MyVpn.Core", "src\MyVpn.Core\MyVpn.Core.csproj", "{F401FC5E-926F-4AC1-918A-81C1FCF3C3D5}"
EndProject
Project("{FAE04EC0-301F-11D3-BF4B-00C04F79EFBC}") = "MyVpn.Infrastructure", "src\MyVpn.Infrastructure\MyVpn.Infrastructure.csproj", "{FD910919-2E58-40C0-B45E-E7EC351312DA}"
EndProject
Project("{FAE04EC0-301F-11D3-BF4B-00C04F79EFBC}") = "MyVpn.Ipc", "src\MyVpn.Ipc\MyVpn.Ipc.csproj", "{9BAC7767-5CD4-45EC-8D0B-A4C854489597}"
EndProject
Project("{FAE04EC0-301F-11D3-BF4B-00C04F79EFBC}") = "MyVpn.Platform.Abstractions", "src\MyVpn.Platform.Abstractions\MyVpn.Platform.Abstractions.csproj", "{C5B3B961-CAA5-448D-9F30-41540E557719}"
EndProject
Project("{FAE04EC0-301F-11D3-BF4B-00C04F79EFBC}") = "MyVpn.Platform.Linux", "src\MyVpn.Platform.Linux\MyVpn.Platform.Linux.csproj", "{1D978513-E1DD-45F0-8D11-27B2C035105B}"
EndProject
Project("{FAE04EC0-301F-11D3-BF4B-00C04F79EFBC}") = "MyVpn.Platform.MacOS", "src\MyVpn.Platform.MacOS\MyVpn.Platform.MacOS.csproj", "{5C97DC71-C267-4C84-BA10-49ADC8843BB7}"
EndProject
Project("{FAE04EC0-301F-11D3-BF4B-00C04F79EFBC}") = "MyVpn.Platform.Windows", "src\MyVpn.Platform.Windows\MyVpn.Platform.Windows.csproj", "{E920F0C9-64E3-493B-A34B-181C74953074}"
EndProject
Project("{FAE04EC0-301F-11D3-BF4B-00C04F79EFBC}") = "MyVpn.Service", "src\MyVpn.Service\MyVpn.Service.csproj", "{D79E00C3-D955-4E69-B644-A7030177430F}"
EndProject
Project("{FAE04EC0-301F-11D3-BF4B-00C04F79EFBC}") = "MyVpn.UI", "src\MyVpn.UI\MyVpn.UI.csproj", "{3AF885E0-65A3-49B5-951B-1543B939E961}"
EndProject
Project("{2150E333-8FDC-42A3-9474-1A3956D46DE8}") = "tests", "tests", "{8B535CC6-B323-45E5-BA57-0C9AEA31D41C}"
EndProject
Project("{FAE04EC0-301F-11D3-BF4B-00C04F79EFBC}") = "MyVpn.Core.Tests", "tests\MyVpn.Core.Tests\MyVpn.Core.Tests.csproj", "{BBC46F73-683B-412C-90BF-24941AAAE63F}"
EndProject
Project("{FAE04EC0-301F-11D3-BF4B-00C04F79EFBC}") = "MyVpn.Infrastructure.Tests", "tests\MyVpn.Infrastructure.Tests\MyVpn.Infrastructure.Tests.csproj", "{6341C5E9-29C8-490C-9A1C-650E1CF1CF0F}"
EndProject
Project("{FAE04EC0-301F-11D3-BF4B-00C04F79EFBC}") = "MyVpn.Integration.Tests", "tests\MyVpn.Integration.Tests\MyVpn.Integration.Tests.csproj", "{87A492E3-7B76-4490-829B-6735B776B5DC}"
EndProject
Project("{FAE04EC0-301F-11D3-BF4B-00C04F79EFBC}") = "MyVpn.Platform.Tests", "tests\MyVpn.Platform.Tests\MyVpn.Platform.Tests.csproj", "{019E1D43-88A2-4C83-983E-C0D04C2701FB}"
EndProject
Project("{FAE04EC0-301F-11D3-BF4B-00C04F79EFBC}") = "MyVpn.Rootless.Tests", "tests\MyVpn.Rootless.Tests\MyVpn.Rootless.Tests.csproj", "{B0F95D0B-E791-4919-BE42-5133F20AF4C5}"
EndProject
Project("{FAE04EC0-301F-11D3-BF4B-00C04F79EFBC}") = "MyVpn.Rootless.Harness", "tests\MyVpn.Rootless.Tests\Harness\MyVpn.Rootless.Harness.csproj", "{61184E9C-25D7-49A5-8862-38BCE6A58255}"
EndProject
Project("{FAE04EC0-301F-11D3-BF4B-00C04F79EFBC}") = "MyVpn.UI.Tests", "tests\MyVpn.UI.Tests\MyVpn.UI.Tests.csproj", "{18E27B75-0B26-465D-9728-DE9B487BCD65}"
EndProject
Global
	GlobalSection(SolutionConfigurationPlatforms) = preSolution
		Debug|Any CPU = Debug|Any CPU
		Release|Any CPU = Release|Any CPU
	EndGlobalSection
	GlobalSection(SolutionProperties) = preSolution
		HideSolutionNode = FALSE
	EndGlobalSection
	GlobalSection(ProjectConfigurationPlatforms) = postSolution
		{6424EA97-B42F-40DA-85F2-D903EB524EB5}.Debug|Any CPU.ActiveCfg = Debug|Any CPU
		{6424EA97-B42F-40DA-85F2-D903EB524EB5}.Debug|Any CPU.Build.0 = Debug|Any CPU
		{6424EA97-B42F-40DA-85F2-D903EB524EB5}.Release|Any CPU.ActiveCfg = Release|Any CPU
		{6424EA97-B42F-40DA-85F2-D903EB524EB5}.Release|Any CPU.Build.0 = Release|Any CPU
		{53FAF109-A73F-464D-9F38-13D331D91A94}.Debug|Any CPU.ActiveCfg = Debug|Any CPU
		{53FAF109-A73F-464D-9F38-13D331D91A94}.Debug|Any CPU.Build.0 = Debug|Any CPU
		{53FAF109-A73F-464D-9F38-13D331D91A94}.Release|Any CPU.ActiveCfg = Release|Any CPU
		{53FAF109-A73F-464D-9F38-13D331D91A94}.Release|Any CPU.Build.0 = Release|Any CPU
		{F401FC5E-926F-4AC1-918A-81C1FCF3C3D5}.Debug|Any CPU.ActiveCfg = Debug|Any CPU
		{F401FC5E-926F-4AC1-918A-81C1FCF3C3D5}.Debug|Any CPU.Build.0 = Debug|Any CPU
		{F401FC5E-926F-4AC1-918A-81C1FCF3C3D5}.Release|Any CPU.ActiveCfg = Release|Any CPU
		{F401FC5E-926F-4AC1-918A-81C1FCF3C3D5}.Release|Any CPU.Build.0 = Release|Any CPU
		{FD910919-2E58-40C0-B45E-E7EC351312DA}.Debug|Any CPU.ActiveCfg = Debug|Any CPU
		{FD910919-2E58-40C0-B45E-E7EC351312DA}.Debug|Any CPU.Build.0 = Debug|Any CPU
		{FD910919-2E58-40C0-B45E-E7EC351312DA}.Release|Any CPU.ActiveCfg = Release|Any CPU
		{FD910919-2E58-40C0-B45E-E7EC351312DA}.Release|Any CPU.Build.0 = Release|Any CPU
		{9BAC7767-5CD4-45EC-8D0B-A4C854489597}.Debug|Any CPU.ActiveCfg = Debug|Any CPU
		{9BAC7767-5CD4-45EC-8D0B-A4C854489597}.Debug|Any CPU.Build.0 = Debug|Any CPU
		{9BAC7767-5CD4-45EC-8D0B-A4C854489597}.Release|Any CPU.ActiveCfg = Release|Any CPU
		{9BAC7767-5CD4-45EC-8D0B-A4C854489597}.Release|Any CPU.Build.0 = Release|Any CPU
		{C5B3B961-CAA5-448D-9F30-41540E557719}.Debug|Any CPU.ActiveCfg = Debug|Any CPU
		{C5B3B961-CAA5-448D-9F30-41540E557719}.Debug|Any CPU.Build.0 = Debug|Any CPU
		{C5B3B961-CAA5-448D-9F30-41540E557719}.Release|Any CPU.ActiveCfg = Release|Any CPU
		{C5B3B961-CAA5-448D-9F30-41540E557719}.Release|Any CPU.Build.0 = Release|Any CPU
		{1D978513-E1DD-45F0-8D11-27B2C035105B}.Debug|Any CPU.ActiveCfg = Debug|Any CPU
		{1D978513-E1DD-45F0-8D11-27B2C035105B}.Debug|Any CPU.Build.0 = Debug|Any CPU
		{1D978513-E1DD-45F0-8D11-27B2C035105B}.Release|Any CPU.ActiveCfg = Release|Any CPU
		{1D978513-E1DD-45F0-8D11-27B2C035105B}.Release|Any CPU.Build.0 = Release|Any CPU
		{5C97DC71-C267-4C84-BA10-49ADC8843BB7}.Debug|Any CPU.ActiveCfg = Debug|Any CPU
		{5C97DC71-C267-4C84-BA10-49ADC8843BB7}.Debug|Any CPU.Build.0 = Debug|Any CPU
		{5C97DC71-C267-4C84-BA10-49ADC8843BB7}.Release|Any CPU.ActiveCfg = Release|Any CPU
		{5C97DC71-C267-4C84-BA10-49ADC8843BB7}.Release|Any CPU.Build.0 = Release|Any CPU
		{E920F0C9-64E3-493B-A34B-181C74953074}.Debug|Any CPU.ActiveCfg = Debug|Any CPU
		{E920F0C9-64E3-493B-A34B-181C74953074}.Debug|Any CPU.Build.0 = Debug|Any CPU
		{E920F0C9-64E3-493B-A34B-181C74953074}.Release|Any CPU.ActiveCfg = Release|Any CPU
		{E920F0C9-64E3-493B-A34B-181C74953074}.Release|Any CPU.Build.0 = Release|Any CPU
		{D79E00C3-D955-4E69-B644-A7030177430F}.Debug|Any CPU.ActiveCfg = Debug|Any CPU
		{D79E00C3-D955-4E69-B644-A7030177430F}.Debug|Any CPU.Build.0 = Debug|Any CPU
		{D79E00C3-D955-4E69-B644-A7030177430F}.Release|Any CPU.ActiveCfg = Release|Any CPU
		{D79E00C3-D955-4E69-B644-A7030177430F}.Release|Any CPU.Build.0 = Release|Any CPU
		{3AF885E0-65A3-49B5-951B-1543B939E961}.Debug|Any CPU.ActiveCfg = Debug|Any CPU
		{3AF885E0-65A3-49B5-951B-1543B939E961}.Debug|Any CPU.Build.0 = Debug|Any CPU
		{3AF885E0-65A3-49B5-951B-1543B939E961}.Release|Any CPU.ActiveCfg = Release|Any CPU
		{3AF885E0-65A3-49B5-951B-1543B939E961}.Release|Any CPU.Build.0 = Release|Any CPU
		{BBC46F73-683B-412C-90BF-24941AAAE63F}.Debug|Any CPU.ActiveCfg = Debug|Any CPU
		{BBC46F73-683B-412C-90BF-24941AAAE63F}.Debug|Any CPU.Build.0 = Debug|Any CPU
		{BBC46F73-683B-412C-90BF-24941AAAE63F}.Release|Any CPU.ActiveCfg = Release|Any CPU
		{BBC46F73-683B-412C-90BF-24941AAAE63F}.Release|Any CPU.Build.0 = Release|Any CPU
		{6341C5E9-29C8-490C-9A1C-650E1CF1CF0F}.Debug|Any CPU.ActiveCfg = Debug|Any CPU
		{6341C5E9-29C8-490C-9A1C-650E1CF1CF0F}.Debug|Any CPU.Build.0 = Debug|Any CPU
		{6341C5E9-29C8-490C-9A1C-650E1CF1CF0F}.Release|Any CPU.ActiveCfg = Release|Any CPU
		{6341C5E9-29C8-490C-9A1C-650E1CF1CF0F}.Release|Any CPU.Build.0 = Release|Any CPU
		{87A492E3-7B76-4490-829B-6735B776B5DC}.Debug|Any CPU.ActiveCfg = Debug|Any CPU
		{87A492E3-7B76-4490-829B-6735B776B5DC}.Debug|Any CPU.Build.0 = Debug|Any CPU
		{87A492E3-7B76-4490-829B-6735B776B5DC}.Release|Any CPU.ActiveCfg = Release|Any CPU
		{87A492E3-7B76-4490-829B-6735B776B5DC}.Release|Any CPU.Build.0 = Release|Any CPU
		{019E1D43-88A2-4C83-983E-C0D04C2701FB}.Debug|Any CPU.ActiveCfg = Debug|Any CPU
		{019E1D43-88A2-4C83-983E-C0D04C2701FB}.Debug|Any CPU.Build.0 = Debug|Any CPU
		{019E1D43-88A2-4C83-983E-C0D04C2701FB}.Release|Any CPU.ActiveCfg = Release|Any CPU
		{019E1D43-88A2-4C83-983E-C0D04C2701FB}.Release|Any CPU.Build.0 = Release|Any CPU
		{B0F95D0B-E791-4919-BE42-5133F20AF4C5}.Debug|Any CPU.ActiveCfg = Debug|Any CPU
		{B0F95D0B-E791-4919-BE42-5133F20AF4C5}.Debug|Any CPU.Build.0 = Debug|Any CPU
		{B0F95D0B-E791-4919-BE42-5133F20AF4C5}.Release|Any CPU.ActiveCfg = Release|Any CPU
		{B0F95D0B-E791-4919-BE42-5133F20AF4C5}.Release|Any CPU.Build.0 = Release|Any CPU
		{61184E9C-25D7-49A5-8862-38BCE6A58255}.Debug|Any CPU.ActiveCfg = Debug|Any CPU
		{61184E9C-25D7-49A5-8862-38BCE6A58255}.Debug|Any CPU.Build.0 = Debug|Any CPU
		{61184E9C-25D7-49A5-8862-38BCE6A58255}.Release|Any CPU.ActiveCfg = Release|Any CPU
		{61184E9C-25D7-49A5-8862-38BCE6A58255}.Release|Any CPU.Build.0 = Release|Any CPU
		{18E27B75-0B26-465D-9728-DE9B487BCD65}.Debug|Any CPU.ActiveCfg = Debug|Any CPU
		{18E27B75-0B26-465D-9728-DE9B487BCD65}.Debug|Any CPU.Build.0 = Debug|Any CPU
		{18E27B75-0B26-465D-9728-DE9B487BCD65}.Release|Any CPU.ActiveCfg = Release|Any CPU
		{18E27B75-0B26-465D-9728-DE9B487BCD65}.Release|Any CPU.Build.0 = Release|Any CPU
	EndGlobalSection
	GlobalSection(NestedProjects) = preSolution
		{6424EA97-B42F-40DA-85F2-D903EB524EB5} = {9E6C5A2D-42EE-4A74-A543-4247624A00EF}
		{53FAF109-A73F-464D-9F38-13D331D91A94} = {9E6C5A2D-42EE-4A74-A543-4247624A00EF}
		{F401FC5E-926F-4AC1-918A-81C1FCF3C3D5} = {9E6C5A2D-42EE-4A74-A543-4247624A00EF}
		{FD910919-2E58-40C0-B45E-E7EC351312DA} = {9E6C5A2D-42EE-4A74-A543-4247624A00EF}
		{9BAC7767-5CD4-45EC-8D0B-A4C854489597} = {9E6C5A2D-42EE-4A74-A543-4247624A00EF}
		{C5B3B961-CAA5-448D-9F30-41540E557719} = {9E6C5A2D-42EE-4A74-A543-4247624A00EF}
		{1D978513-E1DD-45F0-8D11-27B2C035105B} = {9E6C5A2D-42EE-4A74-A543-4247624A00EF}
		{5C97DC71-C267-4C84-BA10-49ADC8843BB7} = {9E6C5A2D-42EE-4A74-A543-4247624A00EF}
		{E920F0C9-64E3-493B-A34B-181C74953074} = {9E6C5A2D-42EE-4A74-A543-4247624A00EF}
		{D79E00C3-D955-4E69-B644-A7030177430F} = {9E6C5A2D-42EE-4A74-A543-4247624A00EF}
		{3AF885E0-65A3-49B5-951B-1543B939E961} = {9E6C5A2D-42EE-4A74-A543-4247624A00EF}
		{BBC46F73-683B-412C-90BF-24941AAAE63F} = {8B535CC6-B323-45E5-BA57-0C9AEA31D41C}
		{6341C5E9-29C8-490C-9A1C-650E1CF1CF0F} = {8B535CC6-B323-45E5-BA57-0C9AEA31D41C}
		{87A492E3-7B76-4490-829B-6735B776B5DC} = {8B535CC6-B323-45E5-BA57-0C9AEA31D41C}
		{019E1D43-88A2-4C83-983E-C0D04C2701FB} = {8B535CC6-B323-45E5-BA57-0C9AEA31D41C}
		{B0F95D0B-E791-4919-BE42-5133F20AF4C5} = {8B535CC6-B323-45E5-BA57-0C9AEA31D41C}
		{61184E9C-25D7-49A5-8862-38BCE6A58255} = {8B535CC6-B323-45E5-BA57-0C9AEA31D41C}
		{18E27B75-0B26-465D-9728-DE9B487BCD65} = {8B535CC6-B323-45E5-BA57-0C9AEA31D41C}
	EndGlobalSection
EndGlobal
